// !$*UTF8*$!
{
	archiveVersion = 1;
	classes = {
	};
	objectVersion = 56;
	objects = {

/* Begin PBXBuildFile section */
		584459F02C1C636A00A0F33F /* HomeStockView.swift in Sources */ = {isa = PBXBuildFile; fileRef = 584459EF2C1C636A00A0F33F /* HomeStockView.swift */; };
		584459F42C1C642B00A0F33F /* Stock.swift in Sources */ = {isa = PBXBuildFile; fileRef = 584459F32C1C642B00A0F33F /* Stock.swift */; };
		584459F62C1C7EE900A0F33F /* StockChange.swift in Sources */ = {isa = PBXBuildFile; fileRef = 584459F52C1C7EE900A0F33F /* StockChange.swift */; };
		584459FB2C20917500A0F33F /* SearchView.swift in Sources */ = {isa = PBXBuildFile; fileRef = 584459FA2C20917500A0F33F /* SearchView.swift */; };
		584459FD2C2091C100A0F33F /* SearchReducer.swift in Sources */ = {isa = PBXBuildFile; fileRef = 584459FC2C2091C100A0F33F /* SearchReducer.swift */; };
		58445A052C24094600A0F33F /* FirestoreManager.swift in Sources */ = {isa = PBXBuildFile; fileRef = 58445A042C24094600A0F33F /* FirestoreManager.swift */; };
		58445A092C24217400A0F33F /* FirestoreClient.swift in Sources */ = {isa = PBXBuildFile; fileRef = 58445A082C24217400A0F33F /* FirestoreClient.swift */; };
		5873F28E2C146FD600BD2BDB /* GoogleService-Info.plist in Resources */ = {isa = PBXBuildFile; fileRef = 5873F28D2C146FD600BD2BDB /* GoogleService-Info.plist */; };
		5873F2912C1471A300BD2BDB /* FirebaseAnalytics in Frameworks */ = {isa = PBXBuildFile; productRef = 5873F2902C1471A300BD2BDB /* FirebaseAnalytics */; };
		5873F2932C1471A300BD2BDB /* FirebaseAnalyticsSwift in Frameworks */ = {isa = PBXBuildFile; productRef = 5873F2922C1471A300BD2BDB /* FirebaseAnalyticsSwift */; };
		5873F2952C1471A300BD2BDB /* FirebaseCrashlytics in Frameworks */ = {isa = PBXBuildFile; productRef = 5873F2942C1471A300BD2BDB /* FirebaseCrashlytics */; };
		5873F2972C1471A300BD2BDB /* FirebaseFirestore in Frameworks */ = {isa = PBXBuildFile; productRef = 5873F2962C1471A300BD2BDB /* FirebaseFirestore */; };
		5873F2992C1471A300BD2BDB /* FirebaseFirestoreSwift in Frameworks */ = {isa = PBXBuildFile; productRef = 5873F2982C1471A300BD2BDB /* FirebaseFirestoreSwift */; };
		5873F29B2C14729000BD2BDB /* AppDelegate.swift in Sources */ = {isa = PBXBuildFile; fileRef = 5873F29A2C14729000BD2BDB /* AppDelegate.swift */; };
		5873F29F2C1482A600BD2BDB /* ComposableArchitecture in Frameworks */ = {isa = PBXBuildFile; productRef = 5873F29E2C1482A600BD2BDB /* ComposableArchitecture */; };
		5873F2A22C15F23300BD2BDB /* HomeView.swift in Sources */ = {isa = PBXBuildFile; fileRef = 5873F2A12C15F23300BD2BDB /* HomeView.swift */; };
		5873F2A72C15F27200BD2BDB /* HomeReducer.swift in Sources */ = {isa = PBXBuildFile; fileRef = 5873F2A62C15F27200BD2BDB /* HomeReducer.swift */; };
		5873F2AA2C15FEE600BD2BDB /* MarketInformationView.swift in Sources */ = {isa = PBXBuildFile; fileRef = 5873F2A92C15FEE600BD2BDB /* MarketInformationView.swift */; };
		5873F2AD2C16053A00BD2BDB /* MarketType.swift in Sources */ = {isa = PBXBuildFile; fileRef = 5873F2AC2C16053A00BD2BDB /* MarketType.swift */; };
		58A6128F2C2ACAE700ADC1DA /* Market.swift in Sources */ = {isa = PBXBuildFile; fileRef = 58A6128E2C2ACAE700ADC1DA /* Market.swift */; };
		58B2BF912C26611200BA8165 /* SearchTests.swift in Sources */ = {isa = PBXBuildFile; fileRef = 58B2BF902C26611200BA8165 /* SearchTests.swift */; };
		58B2BF932C28540B00BA8165 /* MockFirestoreManager.swift in Sources */ = {isa = PBXBuildFile; fileRef = 58B2BF922C28540B00BA8165 /* MockFirestoreManager.swift */; };
		58B2BF942C28540B00BA8165 /* MockFirestoreManager.swift in Sources */ = {isa = PBXBuildFile; fileRef = 58B2BF922C28540B00BA8165 /* MockFirestoreManager.swift */; };
		58B2BF982C294AB900BA8165 /* SearchResultListCell.swift in Sources */ = {isa = PBXBuildFile; fileRef = 58B2BF972C294AB900BA8165 /* SearchResultListCell.swift */; };
		58BDFBB22BB40A04006AC994 /* HiStockApp.swift in Sources */ = {isa = PBXBuildFile; fileRef = 58BDFBB12BB40A04006AC994 /* HiStockApp.swift */; };
		58BDFBB82BB40A07006AC994 /* Assets.xcassets in Resources */ = {isa = PBXBuildFile; fileRef = 58BDFBB72BB40A07006AC994 /* Assets.xcassets */; };
		58BDFBBB2BB40A07006AC994 /* Preview Assets.xcassets in Resources */ = {isa = PBXBuildFile; fileRef = 58BDFBBA2BB40A07006AC994 /* Preview Assets.xcassets */; };
/* End PBXBuildFile section */

/* Begin PBXContainerItemProxy section */
		5873F2852C0DEBA300BD2BDB /* PBXContainerItemProxy */ = {
			isa = PBXContainerItemProxy;
			containerPortal = 58BDFBA62BB40A04006AC994 /* Project object */;
			proxyType = 1;
			remoteGlobalIDString = 58BDFBAD2BB40A04006AC994;
			remoteInfo = HiStock;
		};
/* End PBXContainerItemProxy section */

/* Begin PBXFileReference section */
		584459EF2C1C636A00A0F33F /* HomeStockView.swift */ = {isa = PBXFileReference; lastKnownFileType = sourcecode.swift; path = HomeStockView.swift; sourceTree = "<group>"; };
		584459F32C1C642B00A0F33F /* Stock.swift */ = {isa = PBXFileReference; lastKnownFileType = sourcecode.swift; path = Stock.swift; sourceTree = "<group>"; };
		584459F52C1C7EE900A0F33F /* StockChange.swift */ = {isa = PBXFileReference; lastKnownFileType = sourcecode.swift; path = StockChange.swift; sourceTree = "<group>"; };
		584459FA2C20917500A0F33F /* SearchView.swift */ = {isa = PBXFileReference; lastKnownFileType = sourcecode.swift; path = SearchView.swift; sourceTree = "<group>"; };
		584459FC2C2091C100A0F33F /* SearchReducer.swift */ = {isa = PBXFileReference; lastKnownFileType = sourcecode.swift; path = SearchReducer.swift; sourceTree = "<group>"; };
		58445A042C24094600A0F33F /* FirestoreManager.swift */ = {isa = PBXFileReference; lastKnownFileType = sourcecode.swift; path = FirestoreManager.swift; sourceTree = "<group>"; };
		58445A082C24217400A0F33F /* FirestoreClient.swift */ = {isa = PBXFileReference; lastKnownFileType = sourcecode.swift; path = FirestoreClient.swift; sourceTree = "<group>"; };
		5873F2812C0DEBA300BD2BDB /* HiStockTests.xctest */ = {isa = PBXFileReference; explicitFileType = wrapper.cfbundle; includeInIndex = 0; path = HiStockTests.xctest; sourceTree = BUILT_PRODUCTS_DIR; };
		5873F28D2C146FD600BD2BDB /* GoogleService-Info.plist */ = {isa = PBXFileReference; fileEncoding = 4; lastKnownFileType = text.plist.xml; path = "GoogleService-Info.plist"; sourceTree = "<group>"; };
		5873F29A2C14729000BD2BDB /* AppDelegate.swift */ = {isa = PBXFileReference; lastKnownFileType = sourcecode.swift; path = AppDelegate.swift; sourceTree = "<group>"; };
		5873F2A12C15F23300BD2BDB /* HomeView.swift */ = {isa = PBXFileReference; lastKnownFileType = sourcecode.swift; path = HomeView.swift; sourceTree = "<group>"; };
		5873F2A62C15F27200BD2BDB /* HomeReducer.swift */ = {isa = PBXFileReference; lastKnownFileType = sourcecode.swift; path = HomeReducer.swift; sourceTree = "<group>"; };
		5873F2A92C15FEE600BD2BDB /* MarketInformationView.swift */ = {isa = PBXFileReference; lastKnownFileType = sourcecode.swift; path = MarketInformationView.swift; sourceTree = "<group>"; };
		5873F2AC2C16053A00BD2BDB /* MarketType.swift */ = {isa = PBXFileReference; lastKnownFileType = sourcecode.swift; path = MarketType.swift; sourceTree = "<group>"; };
		58A6128E2C2ACAE700ADC1DA /* Market.swift */ = {isa = PBXFileReference; lastKnownFileType = sourcecode.swift; path = Market.swift; sourceTree = "<group>"; };
		58B2BF902C26611200BA8165 /* SearchTests.swift */ = {isa = PBXFileReference; lastKnownFileType = sourcecode.swift; path = SearchTests.swift; sourceTree = "<group>"; };
		58B2BF922C28540B00BA8165 /* MockFirestoreManager.swift */ = {isa = PBXFileReference; lastKnownFileType = sourcecode.swift; path = MockFirestoreManager.swift; sourceTree = "<group>"; };
		58B2BF972C294AB900BA8165 /* SearchResultListCell.swift */ = {isa = PBXFileReference; lastKnownFileType = sourcecode.swift; path = SearchResultListCell.swift; sourceTree = "<group>"; };
		58BDFBAE2BB40A04006AC994 /* HiStock.app */ = {isa = PBXFileReference; explicitFileType = wrapper.application; includeInIndex = 0; path = HiStock.app; sourceTree = BUILT_PRODUCTS_DIR; };
		58BDFBB12BB40A04006AC994 /* HiStockApp.swift */ = {isa = PBXFileReference; lastKnownFileType = sourcecode.swift; path = HiStockApp.swift; sourceTree = "<group>"; };
		58BDFBB72BB40A07006AC994 /* Assets.xcassets */ = {isa = PBXFileReference; lastKnownFileType = folder.assetcatalog; path = Assets.xcassets; sourceTree = "<group>"; };
		58BDFBBA2BB40A07006AC994 /* Preview Assets.xcassets */ = {isa = PBXFileReference; lastKnownFileType = folder.assetcatalog; path = "Preview Assets.xcassets"; sourceTree = "<group>"; };
/* End PBXFileReference section */

/* Begin PBXFrameworksBuildPhase section */
		5873F27E2C0DEBA300BD2BDB /* Frameworks */ = {
			isa = PBXFrameworksBuildPhase;
			buildActionMask = 2147483647;
			files = (
			);
			runOnlyForDeploymentPostprocessing = 0;
		};
		58BDFBAB2BB40A04006AC994 /* Frameworks */ = {
			isa = PBXFrameworksBuildPhase;
			buildActionMask = 2147483647;
			files = (
				5873F2992C1471A300BD2BDB /* FirebaseFirestoreSwift in Frameworks */,
				5873F2952C1471A300BD2BDB /* FirebaseCrashlytics in Frameworks */,
				5873F29F2C1482A600BD2BDB /* ComposableArchitecture in Frameworks */,
				5873F2972C1471A300BD2BDB /* FirebaseFirestore in Frameworks */,
				5873F2932C1471A300BD2BDB /* FirebaseAnalyticsSwift in Frameworks */,
				5873F2912C1471A300BD2BDB /* FirebaseAnalytics in Frameworks */,
			);
			runOnlyForDeploymentPostprocessing = 0;
		};
/* End PBXFrameworksBuildPhase section */

/* Begin PBXGroup section */
		584459F12C1C63FA00A0F33F /* Domain */ = {
			isa = PBXGroup;
			children = (
				584459F22C1C641600A0F33F /* Entities */,
			);
			path = Domain;
			sourceTree = "<group>";
		};
		584459F22C1C641600A0F33F /* Entities */ = {
			isa = PBXGroup;
			children = (
				584459F32C1C642B00A0F33F /* Stock.swift */,
				58A6128E2C2ACAE700ADC1DA /* Market.swift */,
			);
			path = Entities;
			sourceTree = "<group>";
		};
		584459F72C20913500A0F33F /* Search */ = {
			isa = PBXGroup;
			children = (
				584459F82C20913E00A0F33F /* Features */,
				584459F92C20914400A0F33F /* Views */,
			);
			path = Search;
			sourceTree = "<group>";
		};
		584459F82C20913E00A0F33F /* Features */ = {
			isa = PBXGroup;
			children = (
				584459FC2C2091C100A0F33F /* SearchReducer.swift */,
			);
			path = Features;
			sourceTree = "<group>";
		};
		584459F92C20914400A0F33F /* Views */ = {
			isa = PBXGroup;
			children = (
				584459FA2C20917500A0F33F /* SearchView.swift */,
				58B2BF972C294AB900BA8165 /* SearchResultListCell.swift */,
			);
			path = Views;
			sourceTree = "<group>";
		};
		58445A022C2408F300A0F33F /* Dependency */ = {
			isa = PBXGroup;
			children = (
				58445A032C24090A00A0F33F /* Services */,
				58445A062C24213D00A0F33F /* DataSource */,
			);
			path = Dependency;
			sourceTree = "<group>";
		};
		58445A032C24090A00A0F33F /* Services */ = {
			isa = PBXGroup;
			children = (
				58445A042C24094600A0F33F /* FirestoreManager.swift */,
			);
			path = Services;
			sourceTree = "<group>";
		};
		58445A062C24213D00A0F33F /* DataSource */ = {
			isa = PBXGroup;
			children = (
				58445A072C24215700A0F33F /* Firestore */,
			);
			path = DataSource;
			sourceTree = "<group>";
		};
		58445A072C24215700A0F33F /* Firestore */ = {
			isa = PBXGroup;
			children = (
				58445A082C24217400A0F33F /* FirestoreClient.swift */,
			);
			path = Firestore;
			sourceTree = "<group>";
		};
		5873F2822C0DEBA300BD2BDB /* HiStockTests */ = {
			isa = PBXGroup;
			children = (
				58B2BF962C28553A00BA8165 /* Tests */,
				58B2BF952C28553200BA8165 /* Mocks */,
			);
			path = HiStockTests;
			sourceTree = "<group>";
		};
		5873F28A2C146F6900BD2BDB /* Resources */ = {
			isa = PBXGroup;
			children = (
				5873F28D2C146FD600BD2BDB /* GoogleService-Info.plist */,
				58BDFBB72BB40A07006AC994 /* Assets.xcassets */,
			);
			path = Resources;
			sourceTree = "<group>";
		};
		5873F29C2C147E4D00BD2BDB /* Application */ = {
			isa = PBXGroup;
			children = (
				5873F29A2C14729000BD2BDB /* AppDelegate.swift */,
				58BDFBB12BB40A04006AC994 /* HiStockApp.swift */,
			);
			path = Application;
			sourceTree = "<group>";
		};
		5873F2A02C15F05B00BD2BDB /* Presentaion */ = {
			isa = PBXGroup;
			children = (
				584459F72C20913500A0F33F /* Search */,
				5873F2A32C15F24E00BD2BDB /* Home */,
			);
			path = Presentaion;
			sourceTree = "<group>";
		};
		5873F2A32C15F24E00BD2BDB /* Home */ = {
			isa = PBXGroup;
			children = (
				5873F2A42C15F25800BD2BDB /* Features */,
				5873F2A52C15F26400BD2BDB /* Views */,
			);
			path = Home;
			sourceTree = "<group>";
		};
		5873F2A42C15F25800BD2BDB /* Features */ = {
			isa = PBXGroup;
			children = (
				5873F2A62C15F27200BD2BDB /* HomeReducer.swift */,
			);
			path = Features;
			sourceTree = "<group>";
		};
		5873F2A52C15F26400BD2BDB /* Views */ = {
			isa = PBXGroup;
			children = (
				5873F2A12C15F23300BD2BDB /* HomeView.swift */,
				5873F2A92C15FEE600BD2BDB /* MarketInformationView.swift */,
				584459EF2C1C636A00A0F33F /* HomeStockView.swift */,
			);
			path = Views;
			sourceTree = "<group>";
		};
		5873F2AB2C16051D00BD2BDB /* Enums */ = {
			isa = PBXGroup;
			children = (
				5873F2AC2C16053A00BD2BDB /* MarketType.swift */,
				584459F52C1C7EE900A0F33F /* StockChange.swift */,
			);
			path = Enums;
			sourceTree = "<group>";
		};
		58B2BF952C28553200BA8165 /* Mocks */ = {
			isa = PBXGroup;
			children = (
				58B2BF922C28540B00BA8165 /* MockFirestoreManager.swift */,
			);
			path = Mocks;
			sourceTree = "<group>";
		};
		58B2BF962C28553A00BA8165 /* Tests */ = {
			isa = PBXGroup;
			children = (
				58B2BF902C26611200BA8165 /* SearchTests.swift */,
			);
			path = Tests;
			sourceTree = "<group>";
		};
		58BDFBA52BB40A04006AC994 = {
			isa = PBXGroup;
			children = (
				58BDFBB02BB40A04006AC994 /* HiStock */,
				5873F2822C0DEBA300BD2BDB /* HiStockTests */,
				58BDFBAF2BB40A04006AC994 /* Products */,
			);
			sourceTree = "<group>";
		};
		58BDFBAF2BB40A04006AC994 /* Products */ = {
			isa = PBXGroup;
			children = (
				58BDFBAE2BB40A04006AC994 /* HiStock.app */,
				5873F2812C0DEBA300BD2BDB /* HiStockTests.xctest */,
			);
			name = Products;
			sourceTree = "<group>";
		};
		58BDFBB02BB40A04006AC994 /* HiStock */ = {
			isa = PBXGroup;
			children = (
				5873F29C2C147E4D00BD2BDB /* Application */,
				5873F28A2C146F6900BD2BDB /* Resources */,
				5873F2A02C15F05B00BD2BDB /* Presentaion */,
				58445A022C2408F300A0F33F /* Dependency */,
				584459F12C1C63FA00A0F33F /* Domain */,
				5873F2AB2C16051D00BD2BDB /* Enums */,
				58BDFBB92BB40A07006AC994 /* Preview Content */,
			);
			path = HiStock;
			sourceTree = "<group>";
		};
		58BDFBB92BB40A07006AC994 /* Preview Content */ = {
			isa = PBXGroup;
			children = (
				58BDFBBA2BB40A07006AC994 /* Preview Assets.xcassets */,
			);
			path = "Preview Content";
			sourceTree = "<group>";
		};
/* End PBXGroup section */

/* Begin PBXNativeTarget section */
		5873F2802C0DEBA300BD2BDB /* HiStockTests */ = {
			isa = PBXNativeTarget;
			buildConfigurationList = 5873F2872C0DEBA300BD2BDB /* Build configuration list for PBXNativeTarget "HiStockTests" */;
			buildPhases = (
				5873F27D2C0DEBA300BD2BDB /* Sources */,
				5873F27E2C0DEBA300BD2BDB /* Frameworks */,
				5873F27F2C0DEBA300BD2BDB /* Resources */,
			);
			buildRules = (
			);
			dependencies = (
				5873F2862C0DEBA300BD2BDB /* PBXTargetDependency */,
			);
			name = HiStockTests;
			productName = HiStockTests;
			productReference = 5873F2812C0DEBA300BD2BDB /* HiStockTests.xctest */;
			productType = "com.apple.product-type.bundle.unit-test";
		};
		58BDFBAD2BB40A04006AC994 /* HiStock */ = {
			isa = PBXNativeTarget;
			buildConfigurationList = 58BDFBBE2BB40A07006AC994 /* Build configuration list for PBXNativeTarget "HiStock" */;
			buildPhases = (
				58BDFBAA2BB40A04006AC994 /* Sources */,
				58BDFBAB2BB40A04006AC994 /* Frameworks */,
				58BDFBAC2BB40A04006AC994 /* Resources */,
			);
			buildRules = (
			);
			dependencies = (
			);
			name = HiStock;
			packageProductDependencies = (
				5873F2902C1471A300BD2BDB /* FirebaseAnalytics */,
				5873F2922C1471A300BD2BDB /* FirebaseAnalyticsSwift */,
				5873F2942C1471A300BD2BDB /* FirebaseCrashlytics */,
				5873F2962C1471A300BD2BDB /* FirebaseFirestore */,
				5873F2982C1471A300BD2BDB /* FirebaseFirestoreSwift */,
				5873F29E2C1482A600BD2BDB /* ComposableArchitecture */,
			);
			productName = HiStock;
			productReference = 58BDFBAE2BB40A04006AC994 /* HiStock.app */;
			productType = "com.apple.product-type.application";
		};
/* End PBXNativeTarget section */

/* Begin PBXProject section */
		58BDFBA62BB40A04006AC994 /* Project object */ = {
			isa = PBXProject;
			attributes = {
				BuildIndependentTargetsInParallel = 1;
				LastSwiftUpdateCheck = 1520;
				LastUpgradeCheck = 1520;
				TargetAttributes = {
					5873F2802C0DEBA300BD2BDB = {
						CreatedOnToolsVersion = 15.2;
						LastSwiftMigration = 1520;
						TestTargetID = 58BDFBAD2BB40A04006AC994;
					};
					58BDFBAD2BB40A04006AC994 = {
						CreatedOnToolsVersion = 15.2;
					};
				};
			};
			buildConfigurationList = 58BDFBA92BB40A04006AC994 /* Build configuration list for PBXProject "HiStock" */;
			compatibilityVersion = "Xcode 14.0";
			developmentRegion = en;
			hasScannedForEncodings = 0;
			knownRegions = (
				en,
				Base,
			);
			mainGroup = 58BDFBA52BB40A04006AC994;
			packageReferences = (
				5873F28F2C1471A300BD2BDB /* XCRemoteSwiftPackageReference "firebase-ios-sdk" */,
				5873F29D2C1482A600BD2BDB /* XCRemoteSwiftPackageReference "swift-composable-architecture" */,
			);
			productRefGroup = 58BDFBAF2BB40A04006AC994 /* Products */;
			projectDirPath = "";
			projectRoot = "";
			targets = (
				58BDFBAD2BB40A04006AC994 /* HiStock */,
				5873F2802C0DEBA300BD2BDB /* HiStockTests */,
			);
		};
/* End PBXProject section */

/* Begin PBXResourcesBuildPhase section */
		5873F27F2C0DEBA300BD2BDB /* Resources */ = {
			isa = PBXResourcesBuildPhase;
			buildActionMask = 2147483647;
			files = (
			);
			runOnlyForDeploymentPostprocessing = 0;
		};
		58BDFBAC2BB40A04006AC994 /* Resources */ = {
			isa = PBXResourcesBuildPhase;
			buildActionMask = 2147483647;
			files = (
				58BDFBBB2BB40A07006AC994 /* Preview Assets.xcassets in Resources */,
				58BDFBB82BB40A07006AC994 /* Assets.xcassets in Resources */,
				5873F28E2C146FD600BD2BDB /* GoogleService-Info.plist in Resources */,
			);
			runOnlyForDeploymentPostprocessing = 0;
		};
/* End PBXResourcesBuildPhase section */

/* Begin PBXSourcesBuildPhase section */
		5873F27D2C0DEBA300BD2BDB /* Sources */ = {
			isa = PBXSourcesBuildPhase;
			buildActionMask = 2147483647;
			files = (
				58B2BF912C26611200BA8165 /* SearchTests.swift in Sources */,
				58B2BF942C28540B00BA8165 /* MockFirestoreManager.swift in Sources */,
			);
			runOnlyForDeploymentPostprocessing = 0;
		};
		58BDFBAA2BB40A04006AC994 /* Sources */ = {
			isa = PBXSourcesBuildPhase;
			buildActionMask = 2147483647;
			files = (
				584459FB2C20917500A0F33F /* SearchView.swift in Sources */,
				5873F29B2C14729000BD2BDB /* AppDelegate.swift in Sources */,
				5873F2AD2C16053A00BD2BDB /* MarketType.swift in Sources */,
				584459F42C1C642B00A0F33F /* Stock.swift in Sources */,
				5873F2AA2C15FEE600BD2BDB /* MarketInformationView.swift in Sources */,
				58B2BF932C28540B00BA8165 /* MockFirestoreManager.swift in Sources */,
				584459F62C1C7EE900A0F33F /* StockChange.swift in Sources */,
				5873F2A22C15F23300BD2BDB /* HomeView.swift in Sources */,
				58445A052C24094600A0F33F /* FirestoreManager.swift in Sources */,
				584459F02C1C636A00A0F33F /* HomeStockView.swift in Sources */,
				584459FD2C2091C100A0F33F /* SearchReducer.swift in Sources */,
				58A6128F2C2ACAE700ADC1DA /* Market.swift in Sources */,
				58B2BF982C294AB900BA8165 /* SearchResultListCell.swift in Sources */,
				58445A092C24217400A0F33F /* FirestoreClient.swift in Sources */,
				58BDFBB22BB40A04006AC994 /* HiStockApp.swift in Sources */,
				5873F2A72C15F27200BD2BDB /* HomeReducer.swift in Sources */,
			);
			runOnlyForDeploymentPostprocessing = 0;
		};
/* End PBXSourcesBuildPhase section */

/* Begin PBXTargetDependency section */
		5873F2862C0DEBA300BD2BDB /* PBXTargetDependency */ = {
			isa = PBXTargetDependency;
			target = 58BDFBAD2BB40A04006AC994 /* HiStock */;
			targetProxy = 5873F2852C0DEBA300BD2BDB /* PBXContainerItemProxy */;
		};
/* End PBXTargetDependency section */

/* Begin XCBuildConfiguration section */
		5873F2882C0DEBA300BD2BDB /* Debug */ = {
			isa = XCBuildConfiguration;
			buildSettings = {
				BUNDLE_LOADER = "$(TEST_HOST)";
				CLANG_ENABLE_MODULES = YES;
				CODE_SIGN_STYLE = Automatic;
				CURRENT_PROJECT_VERSION = 1;
				DEVELOPMENT_TEAM = E98D6ZNGDP;
				GENERATE_INFOPLIST_FILE = YES;
				IPHONEOS_DEPLOYMENT_TARGET = 17.2;
				MARKETING_VERSION = 1.0;
				PRODUCT_BUNDLE_IDENTIFIER = woojin.HiStockTests;
				PRODUCT_NAME = "$(TARGET_NAME)";
				SWIFT_EMIT_LOC_STRINGS = NO;
				SWIFT_OPTIMIZATION_LEVEL = "-Onone";
				SWIFT_VERSION = 5.0;
				TARGETED_DEVICE_FAMILY = "1,2";
				TEST_HOST = "$(BUILT_PRODUCTS_DIR)/HiStock.app/$(BUNDLE_EXECUTABLE_FOLDER_PATH)/HiStock";
			};
			name = Debug;
		};
		5873F2892C0DEBA300BD2BDB /* Release */ = {
			isa = XCBuildConfiguration;
			buildSettings = {
				BUNDLE_LOADER = "$(TEST_HOST)";
				CLANG_ENABLE_MODULES = YES;
				CODE_SIGN_STYLE = Automatic;
				CURRENT_PROJECT_VERSION = 1;
				DEVELOPMENT_TEAM = E98D6ZNGDP;
				GENERATE_INFOPLIST_FILE = YES;
				IPHONEOS_DEPLOYMENT_TARGET = 17.2;
				MARKETING_VERSION = 1.0;
				PRODUCT_BUNDLE_IDENTIFIER = woojin.HiStockTests;
				PRODUCT_NAME = "$(TARGET_NAME)";
				SWIFT_EMIT_LOC_STRINGS = NO;
				SWIFT_VERSION = 5.0;
				TARGETED_DEVICE_FAMILY = "1,2";
				TEST_HOST = "$(BUILT_PRODUCTS_DIR)/HiStock.app/$(BUNDLE_EXECUTABLE_FOLDER_PATH)/HiStock";
			};
			name = Release;
		};
		58BDFBBC2BB40A07006AC994 /* Debug */ = {
			isa = XCBuildConfiguration;
			buildSettings = {
				ALWAYS_SEARCH_USER_PATHS = NO;
				ASSETCATALOG_COMPILER_GENERATE_SWIFT_ASSET_SYMBOL_EXTENSIONS = YES;
				CLANG_ANALYZER_NONNULL = YES;
				CLANG_ANALYZER_NUMBER_OBJECT_CONVERSION = YES_AGGRESSIVE;
				CLANG_CXX_LANGUAGE_STANDARD = "gnu++20";
				CLANG_ENABLE_MODULES = YES;
				CLANG_ENABLE_OBJC_ARC = YES;
				CLANG_ENABLE_OBJC_WEAK = YES;
				CLANG_WARN_BLOCK_CAPTURE_AUTORELEASING = YES;
				CLANG_WARN_BOOL_CONVERSION = YES;
				CLANG_WARN_COMMA = YES;
				CLANG_WARN_CONSTANT_CONVERSION = YES;
				CLANG_WARN_DEPRECATED_OBJC_IMPLEMENTATIONS = YES;
				CLANG_WARN_DIRECT_OBJC_ISA_USAGE = YES_ERROR;
				CLANG_WARN_DOCUMENTATION_COMMENTS = YES;
				CLANG_WARN_EMPTY_BODY = YES;
				CLANG_WARN_ENUM_CONVERSION = YES;
				CLANG_WARN_INFINITE_RECURSION = YES;
				CLANG_WARN_INT_CONVERSION = YES;
				CLANG_WARN_NON_LITERAL_NULL_CONVERSION = YES;
				CLANG_WARN_OBJC_IMPLICIT_RETAIN_SELF = YES;
				CLANG_WARN_OBJC_LITERAL_CONVERSION = YES;
				CLANG_WARN_OBJC_ROOT_CLASS = YES_ERROR;
				CLANG_WARN_QUOTED_INCLUDE_IN_FRAMEWORK_HEADER = YES;
				CLANG_WARN_RANGE_LOOP_ANALYSIS = YES;
				CLANG_WARN_STRICT_PROTOTYPES = YES;
				CLANG_WARN_SUSPICIOUS_MOVE = YES;
				CLANG_WARN_UNGUARDED_AVAILABILITY = YES_AGGRESSIVE;
				CLANG_WARN_UNREACHABLE_CODE = YES;
				CLANG_WARN__DUPLICATE_METHOD_MATCH = YES;
				COPY_PHASE_STRIP = NO;
				DEBUG_INFORMATION_FORMAT = dwarf;
				ENABLE_STRICT_OBJC_MSGSEND = YES;
				ENABLE_TESTABILITY = YES;
				ENABLE_USER_SCRIPT_SANDBOXING = YES;
				GCC_C_LANGUAGE_STANDARD = gnu17;
				GCC_DYNAMIC_NO_PIC = NO;
				GCC_NO_COMMON_BLOCKS = YES;
				GCC_OPTIMIZATION_LEVEL = 0;
				GCC_PREPROCESSOR_DEFINITIONS = (
					"DEBUG=1",
					"$(inherited)",
				);
				GCC_WARN_64_TO_32_BIT_CONVERSION = YES;
				GCC_WARN_ABOUT_RETURN_TYPE = YES_ERROR;
				GCC_WARN_UNDECLARED_SELECTOR = YES;
				GCC_WARN_UNINITIALIZED_AUTOS = YES_AGGRESSIVE;
				GCC_WARN_UNUSED_FUNCTION = YES;
				GCC_WARN_UNUSED_VARIABLE = YES;
				IPHONEOS_DEPLOYMENT_TARGET = 17.0;
				LOCALIZATION_PREFERS_STRING_CATALOGS = YES;
				MTL_ENABLE_DEBUG_INFO = INCLUDE_SOURCE;
				MTL_FAST_MATH = YES;
				ONLY_ACTIVE_ARCH = YES;
				SDKROOT = iphoneos;
				SWIFT_ACTIVE_COMPILATION_CONDITIONS = "DEBUG $(inherited)";
				SWIFT_OPTIMIZATION_LEVEL = "-Onone";
			};
			name = Debug;
		};
		58BDFBBD2BB40A07006AC994 /* Release */ = {
			isa = XCBuildConfiguration;
			buildSettings = {
				ALWAYS_SEARCH_USER_PATHS = NO;
				ASSETCATALOG_COMPILER_GENERATE_SWIFT_ASSET_SYMBOL_EXTENSIONS = YES;
				CLANG_ANALYZER_NONNULL = YES;
				CLANG_ANALYZER_NUMBER_OBJECT_CONVERSION = YES_AGGRESSIVE;
				CLANG_CXX_LANGUAGE_STANDARD = "gnu++20";
				CLANG_ENABLE_MODULES = YES;
				CLANG_ENABLE_OBJC_ARC = YES;
				CLANG_ENABLE_OBJC_WEAK = YES;
				CLANG_WARN_BLOCK_CAPTURE_AUTORELEASING = YES;
				CLANG_WARN_BOOL_CONVERSION = YES;
				CLANG_WARN_COMMA = YES;
				CLANG_WARN_CONSTANT_CONVERSION = YES;
				CLANG_WARN_DEPRECATED_OBJC_IMPLEMENTATIONS = YES;
				CLANG_WARN_DIRECT_OBJC_ISA_USAGE = YES_ERROR;
				CLANG_WARN_DOCUMENTATION_COMMENTS = YES;
				CLANG_WARN_EMPTY_BODY = YES;
				CLANG_WARN_ENUM_CONVERSION = YES;
				CLANG_WARN_INFINITE_RECURSION = YES;
				CLANG_WARN_INT_CONVERSION = YES;
				CLANG_WARN_NON_LITERAL_NULL_CONVERSION = YES;
				CLANG_WARN_OBJC_IMPLICIT_RETAIN_SELF = YES;
				CLANG_WARN_OBJC_LITERAL_CONVERSION = YES;
				CLANG_WARN_OBJC_ROOT_CLASS = YES_ERROR;
				CLANG_WARN_QUOTED_INCLUDE_IN_FRAMEWORK_HEADER = YES;
				CLANG_WARN_RANGE_LOOP_ANALYSIS = YES;
				CLANG_WARN_STRICT_PROTOTYPES = YES;
				CLANG_WARN_SUSPICIOUS_MOVE = YES;
				CLANG_WARN_UNGUARDED_AVAILABILITY = YES_AGGRESSIVE;
				CLANG_WARN_UNREACHABLE_CODE = YES;
				CLANG_WARN__DUPLICATE_METHOD_MATCH = YES;
				COPY_PHASE_STRIP = NO;
				DEBUG_INFORMATION_FORMAT = "dwarf-with-dsym";
				ENABLE_NS_ASSERTIONS = NO;
				ENABLE_STRICT_OBJC_MSGSEND = YES;
				ENABLE_USER_SCRIPT_SANDBOXING = YES;
				GCC_C_LANGUAGE_STANDARD = gnu17;
				GCC_NO_COMMON_BLOCKS = YES;
				GCC_WARN_64_TO_32_BIT_CONVERSION = YES;
				GCC_WARN_ABOUT_RETURN_TYPE = YES_ERROR;
				GCC_WARN_UNDECLARED_SELECTOR = YES;
				GCC_WARN_UNINITIALIZED_AUTOS = YES_AGGRESSIVE;
				GCC_WARN_UNUSED_FUNCTION = YES;
				GCC_WARN_UNUSED_VARIABLE = YES;
				IPHONEOS_DEPLOYMENT_TARGET = 17.0;
				LOCALIZATION_PREFERS_STRING_CATALOGS = YES;
				MTL_ENABLE_DEBUG_INFO = NO;
				MTL_FAST_MATH = YES;
				SDKROOT = iphoneos;
				SWIFT_COMPILATION_MODE = wholemodule;
				VALIDATE_PRODUCT = YES;
			};
			name = Release;
		};
		58BDFBBF2BB40A07006AC994 /* Debug */ = {
			isa = XCBuildConfiguration;
			buildSettings = {
				ASSETCATALOG_COMPILER_APPICON_NAME = AppIcon;
				ASSETCATALOG_COMPILER_GLOBAL_ACCENT_COLOR_NAME = AccentColor;
				CODE_SIGN_STYLE = Automatic;
				CURRENT_PROJECT_VERSION = 1;
				DEVELOPMENT_ASSET_PATHS = "\"HiStock/Preview Content\"";
				DEVELOPMENT_TEAM = E98D6ZNGDP;
				ENABLE_PREVIEWS = YES;
				GENERATE_INFOPLIST_FILE = YES;
				INFOPLIST_KEY_UIApplicationSceneManifest_Generation = YES;
				INFOPLIST_KEY_UIApplicationSupportsIndirectInputEvents = YES;
				INFOPLIST_KEY_UILaunchScreen_Generation = YES;
				INFOPLIST_KEY_UISupportedInterfaceOrientations = UIInterfaceOrientationPortrait;
				INFOPLIST_KEY_UISupportedInterfaceOrientations_iPad = "UIInterfaceOrientationLandscapeLeft UIInterfaceOrientationLandscapeRight UIInterfaceOrientationPortrait UIInterfaceOrientationPortraitUpsideDown";
				IPHONEOS_DEPLOYMENT_TARGET = 17.0;
				LD_RUNPATH_SEARCH_PATHS = (
					"$(inherited)",
					"@executable_path/Frameworks",
				);
				MARKETING_VERSION = 1.0;
				PRODUCT_BUNDLE_IDENTIFIER = com.woojin.histock;
				PRODUCT_NAME = "$(TARGET_NAME)";
				SUPPORTED_PLATFORMS = "iphoneos iphonesimulator";
				SUPPORTS_MACCATALYST = NO;
				SUPPORTS_MAC_DESIGNED_FOR_IPHONE_IPAD = NO;
				SUPPORTS_XR_DESIGNED_FOR_IPHONE_IPAD = NO;
				SWIFT_EMIT_LOC_STRINGS = YES;
				SWIFT_VERSION = 5.0;
				TARGETED_DEVICE_FAMILY = 1;
			};
			name = Debug;
		};
		58BDFBC02BB40A07006AC994 /* Release */ = {
			isa = XCBuildConfiguration;
			buildSettings = {
				ASSETCATALOG_COMPILER_APPICON_NAME = AppIcon;
				ASSETCATALOG_COMPILER_GLOBAL_ACCENT_COLOR_NAME = AccentColor;
				CODE_SIGN_STYLE = Automatic;
				CURRENT_PROJECT_VERSION = 1;
				DEVELOPMENT_ASSET_PATHS = "\"HiStock/Preview Content\"";
				DEVELOPMENT_TEAM = E98D6ZNGDP;
				ENABLE_PREVIEWS = YES;
				GENERATE_INFOPLIST_FILE = YES;
				INFOPLIST_KEY_UIApplicationSceneManifest_Generation = YES;
				INFOPLIST_KEY_UIApplicationSupportsIndirectInputEvents = YES;
				INFOPLIST_KEY_UILaunchScreen_Generation = YES;
				INFOPLIST_KEY_UISupportedInterfaceOrientations = UIInterfaceOrientationPortrait;
				INFOPLIST_KEY_UISupportedInterfaceOrientations_iPad = "UIInterfaceOrientationLandscapeLeft UIInterfaceOrientationLandscapeRight UIInterfaceOrientationPortrait UIInterfaceOrientationPortraitUpsideDown";
				IPHONEOS_DEPLOYMENT_TARGET = 17.0;
				LD_RUNPATH_SEARCH_PATHS = (
					"$(inherited)",
					"@executable_path/Frameworks",
				);
				MARKETING_VERSION = 1.0;
				PRODUCT_BUNDLE_IDENTIFIER = com.woojin.histock;
				PRODUCT_NAME = "$(TARGET_NAME)";
				SUPPORTED_PLATFORMS = "iphoneos iphonesimulator";
				SUPPORTS_MACCATALYST = NO;
				SUPPORTS_MAC_DESIGNED_FOR_IPHONE_IPAD = NO;
				SUPPORTS_XR_DESIGNED_FOR_IPHONE_IPAD = NO;
				SWIFT_EMIT_LOC_STRINGS = YES;
				SWIFT_VERSION = 5.0;
				TARGETED_DEVICE_FAMILY = 1;
			};
			name = Release;
		};
/* End XCBuildConfiguration section */

/* Begin XCConfigurationList section */
		5873F2872C0DEBA300BD2BDB /* Build configuration list for PBXNativeTarget "HiStockTests" */ = {
			isa = XCConfigurationList;
			buildConfigurations = (
				5873F2882C0DEBA300BD2BDB /* Debug */,
				5873F2892C0DEBA300BD2BDB /* Release */,
			);
			defaultConfigurationIsVisible = 0;
			defaultConfigurationName = Release;
		};
		58BDFBA92BB40A04006AC994 /* Build configuration list for PBXProject "HiStock" */ = {
			isa = XCConfigurationList;
			buildConfigurations = (
				58BDFBBC2BB40A07006AC994 /* Debug */,
				58BDFBBD2BB40A07006AC994 /* Release */,
			);
			defaultConfigurationIsVisible = 0;
			defaultConfigurationName = Release;
		};
		58BDFBBE2BB40A07006AC994 /* Build configuration list for PBXNativeTarget "HiStock" */ = {
			isa = XCConfigurationList;
			buildConfigurations = (
				58BDFBBF2BB40A07006AC994 /* Debug */,
				58BDFBC02BB40A07006AC994 /* Release */,
			);
			defaultConfigurationIsVisible = 0;
			defaultConfigurationName = Release;
		};
/* End XCConfigurationList section */

/* Begin XCRemoteSwiftPackageReference section */
		5873F28F2C1471A300BD2BDB /* XCRemoteSwiftPackageReference "firebase-ios-sdk" */ = {
			isa = XCRemoteSwiftPackageReference;
			repositoryURL = "https://github.com/firebase/firebase-ios-sdk.git";
			requirement = {
				kind = upToNextMajorVersion;
				minimumVersion = 10.27.0;
			};
		};
		5873F29D2C1482A600BD2BDB /* XCRemoteSwiftPackageReference "swift-composable-architecture" */ = {
			isa = XCRemoteSwiftPackageReference;
			repositoryURL = "https://github.com/pointfreeco/swift-composable-architecture";
			requirement = {
				kind = upToNextMajorVersion;
				minimumVersion = 1.11.0;
			};
		};
/* End XCRemoteSwiftPackageReference section */

/* Begin XCSwiftPackageProductDependency section */
		5873F2902C1471A300BD2BDB /* FirebaseAnalytics */ = {
			isa = XCSwiftPackageProductDependency;
			package = 5873F28F2C1471A300BD2BDB /* XCRemoteSwiftPackageReference "firebase-ios-sdk" */;
			productName = FirebaseAnalytics;
		};
		5873F2922C1471A300BD2BDB /* FirebaseAnalyticsSwift */ = {
			isa = XCSwiftPackageProductDependency;
			package = 5873F28F2C1471A300BD2BDB /* XCRemoteSwiftPackageReference "firebase-ios-sdk" */;
			productName = FirebaseAnalyticsSwift;
		};
		5873F2942C1471A300BD2BDB /* FirebaseCrashlytics */ = {
			isa = XCSwiftPackageProductDependency;
			package = 5873F28F2C1471A300BD2BDB /* XCRemoteSwiftPackageReference "firebase-ios-sdk" */;
			productName = FirebaseCrashlytics;
		};
		5873F2962C1471A300BD2BDB /* FirebaseFirestore */ = {
			isa = XCSwiftPackageProductDependency;
			package = 5873F28F2C1471A300BD2BDB /* XCRemoteSwiftPackageReference "firebase-ios-sdk" */;
			productName = FirebaseFirestore;
		};
		5873F2982C1471A300BD2BDB /* FirebaseFirestoreSwift */ = {
			isa = XCSwiftPackageProductDependency;
			package = 5873F28F2C1471A300BD2BDB /* XCRemoteSwiftPackageReference "firebase-ios-sdk" */;
			productName = FirebaseFirestoreSwift;
		};
		5873F29E2C1482A600BD2BDB /* ComposableArchitecture */ = {
			isa = XCSwiftPackageProductDependency;
			package = 5873F29D2C1482A600BD2BDB /* XCRemoteSwiftPackageReference "swift-composable-architecture" */;
			productName = ComposableArchitecture;
		};
/* End XCSwiftPackageProductDependency section */
	};
	rootObject = 58BDFBA62BB40A04006AC994 /* Project object */;
}
